
Microsoft Visual Studio Solution File, Format Version 12.00
# Visual Studio Version 16
VisualStudioVersion = 16.0.32126.315
MinimumVisualStudioVersion = 10.0.40219.1
Project("{FAE04EC0-301F-11D3-BF4B-00C04F79EFBC}") = "GitAnalysis", "GitAnalysis\GitAnalysis.csproj", "{6F69D979-8754-47B5-9130-0373786588FE}"
EndProject
Global
	GlobalSection(SolutionConfigurationPlatforms) = preSolution
		Debug|Any CPU = Debug|Any CPU
		Release|Any CPU = Release|Any CPU
	EndGlobalSection
	GlobalSection(ProjectConfigurationPlatforms) = postSolution
		{6F69D979-8754-47B5-9130-0373786588FE}.Debug|Any CPU.ActiveCfg = Debug|Any CPU
		{6F69D979-8754-47B5-9130-0373786588FE}.Debug|Any CPU.Build.0 = Debug|Any CPU
		{6F69D979-8754-47B5-9130-0373786588FE}.Release|Any CPU.ActiveCfg = Release|Any CPU
		{6F69D979-8754-47B5-9130-0373786588FE}.Release|Any CPU.Build.0 = Release|Any CPU
	EndGlobalSection
	GlobalSection(SolutionProperties) = preSolution
		HideSolutionNode = FALSE
	EndGlobalSection
	GlobalSection(ExtensibilityGlobals) = postSolution
		SolutionGuid = {9022ED22-81CB-4376-BF58-9F0E4EEAF2EF}
	EndGlobalSection
EndGlobal
